{
  "version": 4,
  "terraform_version": "1.2.6",
  "serial": 3,
  "lineage": "a3e064d9-15e7-fcd9-bd0e-0737af961e3a",
  "outputs": {},
  "resources": [
    {
      "mode": "managed",
      "type": "github_repository",
      "name": "terraform-first-repo",
      "provider": "provider[\"registry.terraform.io/hashicorp/github\"]",
      "instances": [
        {
          "schema_version": 1,
          "attributes": {
            "allow_auto_merge": false,
            "allow_merge_commit": true,
            "allow_rebase_merge": true,
            "allow_squash_merge": true,
            "allow_update_branch": false,
            "archive_on_destroy": null,
            "archived": false,
            "auto_init": true,
            "default_branch": "main",
            "delete_branch_on_merge": false,
            "description": "My first respository by terraform",
            "etag": "W/\"a158518c2119161358ffae3297f48c8073a6897157796fcdd7bed4e556debf2a\"",
            "full_name": "Visheshpapreja/repo-from-terraform",
            "git_clone_url": "git://github.com/Visheshpapreja/repo-from-terraform.git",
            "gitignore_template": null,
            "has_discussions": false,
            "has_downloads": false,
            "has_issues": false,
            "has_projects": false,
            "has_wiki": false,
            "homepage_url": "",
            "html_url": "https://github.com/Visheshpapreja/repo-from-terraform",
            "http_clone_url": "https://github.com/Visheshpapreja/repo-from-terraform.git",
            "id": "repo-from-terraform",
            "ignore_vulnerability_alerts_during_read": null,
            "is_template": false,
            "license_template": null,
            "merge_commit_message": "PR_TITLE",
            "merge_commit_title": "MERGE_MESSAGE",
            "name": "repo-from-terraform",
            "node_id": "R_kgDOIzsG0A",
            "pages": [],
            "private": false,
            "repo_id": 591070928,
            "security_and_analysis": [
              {
                "advanced_security": [],
                "secret_scanning": [
                  {
                    "status": "disabled"
                  }
                ],
                "secret_scanning_push_protection": [
                  {
                    "status": "disabled"
                  }
                ]
              }
            ],
            "squash_merge_commit_message": "COMMIT_MESSAGES",
            "squash_merge_commit_title": "COMMIT_OR_PR_TITLE",
            "ssh_clone_url": "git@github.com:Visheshpapreja/repo-from-terraform.git",
            "svn_url": "https://github.com/Visheshpapreja/repo-from-terraform",
            "template": [],
            "topics": null,
            "visibility": "public",
            "vulnerability_alerts": false
          },
          "sensitive_attributes": [],
          "private": "eyJzY2hlbWFfdmVyc2lvbiI6IjEifQ=="
        }
      ]
    }
  ]
}
